<?xml version="1.0" encoding="utf-8"?>
<Project ToolsVersion="4.0" xmlns="http://schemas.microsoft.com/developer/msbuild/2003">
  <ItemGroup>
    <ClCompile Include="Application.cpp" />
    <ClCompile Include="glmath.cpp" />
    <ClCompile Include="Main.cpp" />
    <ClCompile Include="ModuleAudio.cpp">
      <Filter>Modules</Filter>
    </ClCompile>
    <ClCompile Include="ModuleCamera3D.cpp">
      <Filter>Modules</Filter>
    </ClCompile>
    <ClCompile Include="ModuleInput.cpp">
      <Filter>Modules</Filter>
    </ClCompile>
    <ClCompile Include="ModuleRenderer3D.cpp">
      <Filter>Modules</Filter>
    </ClCompile>
    <ClCompile Include="ModuleWindow.cpp">
      <Filter>Modules</Filter>
    </ClCompile>
    <ClCompile Include="Color.cpp">
      <Filter>Tools</Filter>
    </ClCompile>
    <ClCompile Include="Light.cpp">
      <Filter>Tools</Filter>
    </ClCompile>
    <ClCompile Include="Timer.cpp">
      <Filter>Tools</Filter>
    </ClCompile>
    <ClCompile Include="Editor.cpp">
      <Filter>Modules</Filter>
    </ClCompile>
    <ClCompile Include="log.cpp">
      <Filter>Tools</Filter>
    </ClCompile>
    <ClCompile Include="Libs\ImGui\imgui.cpp">
      <Filter>Libs\ImGui</Filter>
    </ClCompile>
    <ClCompile Include="Libs\ImGui\imgui_demo.cpp">
      <Filter>Libs\ImGui</Filter>
    </ClCompile>
    <ClCompile Include="Libs\ImGui\imgui_draw.cpp">
      <Filter>Libs\ImGui</Filter>
    </ClCompile>
    <ClCompile Include="Libs\ImGui\imgui_impl_opengl3.cpp">
      <Filter>Libs\ImGui</Filter>
    </ClCompile>
    <ClCompile Include="Libs\ImGui\imgui_impl_sdl.cpp">
      <Filter>Libs\ImGui</Filter>
    </ClCompile>
    <ClCompile Include="Libs\ImGui\imgui_widgets.cpp">
      <Filter>Libs\ImGui</Filter>
    </ClCompile>
    <ClCompile Include="Libs\parson\parson.c">
      <Filter>Tools\parson</Filter>
    </ClCompile>
    <ClCompile Include="GameObject.cpp">
      <Filter>GameObjects &amp; Components</Filter>
    </ClCompile>
    <ClCompile Include="Component.cpp">
      <Filter>GameObjects &amp; Components</Filter>
    </ClCompile>
    <ClCompile Include="Transform.cpp">
      <Filter>GameObjects &amp; Components</Filter>
    </ClCompile>
    <ClCompile Include="ModuleScene.cpp">
      <Filter>Modules</Filter>
    </ClCompile>
    <ClCompile Include="Mesh.cpp">
      <Filter>GameObjects &amp; Components</Filter>
    </ClCompile>
    <ClCompile Include="Material.cpp">
      <Filter>GameObjects &amp; Components</Filter>
    </ClCompile>
    <ClCompile Include="FileSystem.cpp" />
  </ItemGroup>
  <ItemGroup>
    <ClInclude Include="Application.h" />
    <ClInclude Include="glmath.h" />
    <ClInclude Include="Globals.h" />
    <ClInclude Include="ModuleAudio.h">
      <Filter>Modules</Filter>
    </ClInclude>
    <ClInclude Include="ModuleCamera3D.h">
      <Filter>Modules</Filter>
    </ClInclude>
    <ClInclude Include="ModuleInput.h">
      <Filter>Modules</Filter>
    </ClInclude>
    <ClInclude Include="ModuleRenderer3D.h">
      <Filter>Modules</Filter>
    </ClInclude>
    <ClInclude Include="ModuleWindow.h">
      <Filter>Modules</Filter>
    </ClInclude>
    <ClInclude Include="Color.h">
      <Filter>Tools</Filter>
    </ClInclude>
    <ClInclude Include="Light.h">
      <Filter>Tools</Filter>
    </ClInclude>
    <ClInclude Include="Timer.h">
      <Filter>Tools</Filter>
    </ClInclude>
    <ClInclude Include="Editor.h">
      <Filter>Modules</Filter>
    </ClInclude>
    <ClInclude Include="Module.h">
      <Filter>Modules</Filter>
    </ClInclude>
    <ClInclude Include="Libs\ImGui\imconfig.h">
      <Filter>Libs\ImGui</Filter>
    </ClInclude>
    <ClInclude Include="Libs\ImGui\imgui.h">
      <Filter>Libs\ImGui</Filter>
    </ClInclude>
    <ClInclude Include="Libs\ImGui\imgui_impl_opengl3.h">
      <Filter>Libs\ImGui</Filter>
    </ClInclude>
    <ClInclude Include="Libs\ImGui\imgui_impl_sdl.h">
      <Filter>Libs\ImGui</Filter>
    </ClInclude>
    <ClInclude Include="Libs\ImGui\imgui_internal.h">
      <Filter>Libs\ImGui</Filter>
    </ClInclude>
    <ClInclude Include="Libs\ImGui\imstb_rectpack.h">
      <Filter>Libs\ImGui</Filter>
    </ClInclude>
    <ClInclude Include="Libs\ImGui\imstb_textedit.h">
      <Filter>Libs\ImGui</Filter>
    </ClInclude>
    <ClInclude Include="Libs\ImGui\imstb_truetype.h">
      <Filter>Libs\ImGui</Filter>
    </ClInclude>
    <ClInclude Include="Libs\glew\include\wglew.h">
      <Filter>Libs\Glew</Filter>
    </ClInclude>
    <ClInclude Include="Libs\glew\include\eglew.h">
      <Filter>Libs\Glew</Filter>
    </ClInclude>
    <ClInclude Include="Libs\glew\include\glew.h">
      <Filter>Libs\Glew</Filter>
    </ClInclude>
    <ClInclude Include="Libs\glew\include\glxew.h">
      <Filter>Libs\Glew</Filter>
    </ClInclude>
    <ClInclude Include="Libs\SDL\include\SDL.h">
      <Filter>Libs\SDL</Filter>
    </ClInclude>
    <ClInclude Include="Libs\MathGeoLib\include\MathGeoLib.h">
      <Filter>Libs</Filter>
    </ClInclude>
    <ClInclude Include="Libs\parson\parson.h">
      <Filter>Tools\parson</Filter>
    </ClInclude>
    <ClInclude Include="GameObject.h">
      <Filter>GameObjects &amp; Components</Filter>
    </ClInclude>
    <ClInclude Include="Component.h">
      <Filter>GameObjects &amp; Components</Filter>
    </ClInclude>
    <ClInclude Include="Transform.h">
      <Filter>GameObjects &amp; Components</Filter>
    </ClInclude>
    <ClInclude Include="ModuleScene.h">
      <Filter>Modules</Filter>
    </ClInclude>
    <ClInclude Include="Mesh.h">
      <Filter>GameObjects &amp; Components</Filter>
    </ClInclude>
    <ClInclude Include="Material.h">
      <Filter>GameObjects &amp; Components</Filter>
    </ClInclude>
    <ClInclude Include="FileSystem.h" />
  </ItemGroup>
  <ItemGroup>
    <Filter Include="Modules">
      <UniqueIdentifier>{aadabd6e-ecb0-4c15-a947-3d8fe5f67392}</UniqueIdentifier>
    </Filter>
    <Filter Include="Tools">
      <UniqueIdentifier>{9f9adada-2e42-48c8-9b71-3e4c015f0821}</UniqueIdentifier>
    </Filter>
    <Filter Include="Libs">
      <UniqueIdentifier>{e5b92709-b597-4c4b-bf07-c6d0682bb2af}</UniqueIdentifier>
    </Filter>
    <Filter Include="Libs\Glew">
      <UniqueIdentifier>{2e4c5722-ce7d-4d13-b63c-42035faf7849}</UniqueIdentifier>
    </Filter>
    <Filter Include="Libs\SDL">
      <UniqueIdentifier>{7bb8c861-6eba-490b-baff-8ddadc448f17}</UniqueIdentifier>
    </Filter>
    <Filter Include="Tools\parson">
      <UniqueIdentifier>{03cd38a1-3ea2-4234-89ff-3f9057e2f643}</UniqueIdentifier>
    </Filter>
    <Filter Include="Libs\ImGui">
      <UniqueIdentifier>{472dfa5b-faef-4416-b34b-af9d15805a90}</UniqueIdentifier>
    </Filter>
    <Filter Include="GameObjects &amp; Components">
      <UniqueIdentifier>{5d37d0a0-c43e-4dd7-8f06-1690c9c13d66}</UniqueIdentifier>
    </Filter>
  </ItemGroup>
  <ItemGroup>
    <None Include="..\Engine\jsons\config.json" />
  </ItemGroup>
</Project>