<?xml version="1.0" encoding="utf-8"?>
<Project ToolsVersion="4.0" xmlns="http://schemas.microsoft.com/developer/msbuild/2003">
  <ItemGroup>
    <ClCompile Include="Engine.cpp" />
    <ClCompile Include="main.cpp" />
    <ClCompile Include="ModuleAudio.cpp">
      <Filter>Modules</Filter>
    </ClCompile>
    <ClCompile Include="ModuleCamera3D.cpp">
      <Filter>Modules</Filter>
    </ClCompile>
    <ClCompile Include="ModuleInput.cpp">
      <Filter>Modules</Filter>
    </ClCompile>
    <ClCompile Include="ModuleRenderer3D.cpp">
      <Filter>Modules</Filter>
    </ClCompile>
    <ClCompile Include="ModuleWindow.cpp">
      <Filter>Modules</Filter>
    </ClCompile>
    <ClCompile Include="Color.cpp">
      <Filter>Tools</Filter>
    </ClCompile>
    <ClCompile Include="Light.cpp">
      <Filter>Tools</Filter>
    </ClCompile>
    <ClCompile Include="Primitive.cpp">
      <Filter>Tools</Filter>
    </ClCompile>
    <ClCompile Include="Timer.cpp">
      <Filter>Tools</Filter>
    </ClCompile>
    <ClCompile Include="ModuleEditor.cpp">
      <Filter>Modules</Filter>
    </ClCompile>
    <ClCompile Include="log.cpp">
      <Filter>Tools</Filter>
    </ClCompile>
    <ClCompile Include="Libs\ImGui\imgui.cpp">
      <Filter>Libs\ImGui</Filter>
    </ClCompile>
    <ClCompile Include="Libs\ImGui\imgui_demo.cpp">
      <Filter>Libs\ImGui</Filter>
    </ClCompile>
    <ClCompile Include="Libs\ImGui\imgui_draw.cpp">
      <Filter>Libs\ImGui</Filter>
    </ClCompile>
    <ClCompile Include="Libs\ImGui\imgui_impl_opengl3.cpp">
      <Filter>Libs\ImGui</Filter>
    </ClCompile>
    <ClCompile Include="Libs\ImGui\imgui_impl_sdl.cpp">
      <Filter>Libs\ImGui</Filter>
    </ClCompile>
    <ClCompile Include="Libs\ImGui\imgui_widgets.cpp">
      <Filter>Libs\ImGui</Filter>
    </ClCompile>
    <ClCompile Include="EditorWindow.cpp">
      <Filter>EditorWindows</Filter>
    </ClCompile>
    <ClCompile Include="EditorWindow_Assets.cpp">
      <Filter>EditorWindows</Filter>
    </ClCompile>
    <ClCompile Include="EditorWindow_Console.cpp">
      <Filter>EditorWindows</Filter>
    </ClCompile>
    <ClCompile Include="EditorWindow_Inspector.cpp">
      <Filter>EditorWindows</Filter>
    </ClCompile>
    <ClCompile Include="Libs\MathGeoLib\include\Algorithm\Random\LCG.cpp">
      <Filter>Libs\MathGeoLib\Algorithm</Filter>
    </ClCompile>
    <ClCompile Include="Libs\MathGeoLib\include\Geometry\AABB.cpp">
      <Filter>Libs\MathGeoLib\Geometry</Filter>
    </ClCompile>
    <ClCompile Include="Libs\MathGeoLib\include\Geometry\Capsule.cpp">
      <Filter>Libs\MathGeoLib\Geometry</Filter>
    </ClCompile>
    <ClCompile Include="Libs\MathGeoLib\include\Geometry\Circle.cpp">
      <Filter>Libs\MathGeoLib\Geometry</Filter>
    </ClCompile>
    <ClCompile Include="Libs\MathGeoLib\include\Geometry\Cone.cpp">
      <Filter>Libs\MathGeoLib\Geometry</Filter>
    </ClCompile>
    <ClCompile Include="Libs\MathGeoLib\include\Geometry\Cylinder.cpp">
      <Filter>Libs\MathGeoLib\Geometry</Filter>
    </ClCompile>
    <ClCompile Include="Libs\MathGeoLib\include\Geometry\Frustum.cpp">
      <Filter>Libs\MathGeoLib\Geometry</Filter>
    </ClCompile>
    <ClCompile Include="Libs\MathGeoLib\include\Geometry\Line.cpp">
      <Filter>Libs\MathGeoLib\Geometry</Filter>
    </ClCompile>
    <ClCompile Include="Libs\MathGeoLib\include\Geometry\LineSegment.cpp">
      <Filter>Libs\MathGeoLib\Geometry</Filter>
    </ClCompile>
    <ClCompile Include="Libs\MathGeoLib\include\Geometry\OBB.cpp">
      <Filter>Libs\MathGeoLib\Geometry</Filter>
    </ClCompile>
    <ClCompile Include="Libs\MathGeoLib\include\Geometry\Plane.cpp">
      <Filter>Libs\MathGeoLib\Geometry</Filter>
    </ClCompile>
    <ClCompile Include="Libs\MathGeoLib\include\Geometry\Polygon.cpp">
      <Filter>Libs\MathGeoLib\Geometry</Filter>
    </ClCompile>
    <ClCompile Include="Libs\MathGeoLib\include\Geometry\Polyhedron.cpp">
      <Filter>Libs\MathGeoLib\Geometry</Filter>
    </ClCompile>
    <ClCompile Include="Libs\MathGeoLib\include\Geometry\Ray.cpp">
      <Filter>Libs\MathGeoLib\Geometry</Filter>
    </ClCompile>
    <ClCompile Include="Libs\MathGeoLib\include\Geometry\Sphere.cpp">
      <Filter>Libs\MathGeoLib\Geometry</Filter>
    </ClCompile>
    <ClCompile Include="Libs\MathGeoLib\include\Geometry\Triangle.cpp">
      <Filter>Libs\MathGeoLib\Geometry</Filter>
    </ClCompile>
    <ClCompile Include="Libs\MathGeoLib\include\Geometry\TriangleMesh.cpp">
      <Filter>Libs\MathGeoLib\Geometry</Filter>
    </ClCompile>
    <ClCompile Include="Libs\MathGeoLib\include\Math\BitOps.cpp">
      <Filter>Libs\MathGeoLib\Math</Filter>
    </ClCompile>
    <ClCompile Include="Libs\MathGeoLib\include\Math\float2.cpp">
      <Filter>Libs\MathGeoLib\Math</Filter>
    </ClCompile>
    <ClCompile Include="Libs\MathGeoLib\include\Math\float3.cpp">
      <Filter>Libs\MathGeoLib\Math</Filter>
    </ClCompile>
    <ClCompile Include="Libs\MathGeoLib\include\Math\float3x3.cpp">
      <Filter>Libs\MathGeoLib\Math</Filter>
    </ClCompile>
    <ClCompile Include="Libs\MathGeoLib\include\Math\float3x4.cpp">
      <Filter>Libs\MathGeoLib\Math</Filter>
    </ClCompile>
    <ClCompile Include="Libs\MathGeoLib\include\Math\float4.cpp">
      <Filter>Libs\MathGeoLib\Math</Filter>
    </ClCompile>
    <ClCompile Include="Libs\MathGeoLib\include\Math\float4x4.cpp">
      <Filter>Libs\MathGeoLib\Math</Filter>
    </ClCompile>
    <ClCompile Include="Libs\MathGeoLib\include\Math\MathFunc.cpp">
      <Filter>Libs\MathGeoLib\Math</Filter>
    </ClCompile>
    <ClCompile Include="Libs\MathGeoLib\include\Math\MathLog.cpp">
      <Filter>Libs\MathGeoLib\Math</Filter>
    </ClCompile>
    <ClCompile Include="Libs\MathGeoLib\include\Math\MathOps.cpp">
      <Filter>Libs\MathGeoLib\Math</Filter>
    </ClCompile>
    <ClCompile Include="Libs\MathGeoLib\include\Math\Polynomial.cpp">
      <Filter>Libs\MathGeoLib\Math</Filter>
    </ClCompile>
    <ClCompile Include="Libs\MathGeoLib\include\Math\Quat.cpp">
      <Filter>Libs\MathGeoLib\Math</Filter>
    </ClCompile>
    <ClCompile Include="Libs\MathGeoLib\include\Math\SSEMath.cpp">
      <Filter>Libs\MathGeoLib\Math</Filter>
    </ClCompile>
    <ClCompile Include="Libs\MathGeoLib\include\Math\TransformOps.cpp">
      <Filter>Libs\MathGeoLib\Math</Filter>
    </ClCompile>
    <ClCompile Include="Libs\MathGeoLib\include\Time\Clock.cpp">
      <Filter>Libs\MathGeoLib\Time</Filter>
    </ClCompile>
    <ClCompile Include="glmath.cpp">
      <Filter>Libs\OpenGL\GLMath</Filter>
    </ClCompile>
    <ClCompile Include="EditorWindow_Configuration.cpp">
      <Filter>EditorWindows</Filter>
    </ClCompile>
    <ClCompile Include="EditorWindow_Scene.cpp">
      <Filter>EditorWindows</Filter>
    </ClCompile>
    <ClCompile Include="Time.cpp">
      <Filter>HelperClasses</Filter>
    </ClCompile>
    <ClCompile Include="ModuleHardware.cpp">
      <Filter>Modules</Filter>
    </ClCompile>
    <ClCompile Include="Libs\parson\parson.c">
      <Filter>Libs\parson</Filter>
    </ClCompile>
    <ClCompile Include="HelperClasses\GnJSON.cpp">
      <Filter>HelperClasses\FileManagement</Filter>
    </ClCompile>
    <ClCompile Include="FileSystem.cpp" />
  </ItemGroup>
  <ItemGroup>
    <ClInclude Include="Engine.h" />
    <ClInclude Include="Globals.h" />
    <ClInclude Include="ModuleAudio.h">
      <Filter>Modules</Filter>
    </ClInclude>
    <ClInclude Include="ModuleCamera3D.h">
      <Filter>Modules</Filter>
    </ClInclude>
    <ClInclude Include="ModuleInput.h">
      <Filter>Modules</Filter>
    </ClInclude>
    <ClInclude Include="ModuleRenderer3D.h">
      <Filter>Modules</Filter>
    </ClInclude>
    <ClInclude Include="ModuleWindow.h">
      <Filter>Modules</Filter>
    </ClInclude>
    <ClInclude Include="Color.h">
      <Filter>Tools</Filter>
    </ClInclude>
    <ClInclude Include="Light.h">
      <Filter>Tools</Filter>
    </ClInclude>
    <ClInclude Include="Primitive.h">
      <Filter>Tools</Filter>
    </ClInclude>
    <ClInclude Include="Timer.h">
      <Filter>Tools</Filter>
    </ClInclude>
    <ClInclude Include="ModuleEditor.h">
      <Filter>Modules</Filter>
    </ClInclude>
    <ClInclude Include="Module.h">
      <Filter>Modules</Filter>
    </ClInclude>
    <ClInclude Include="Libs\ImGui\imconfig.h">
      <Filter>Libs\ImGui</Filter>
    </ClInclude>
    <ClInclude Include="Libs\ImGui\imgui.h">
      <Filter>Libs\ImGui</Filter>
    </ClInclude>
    <ClInclude Include="Libs\ImGui\imgui_impl_opengl3.h">
      <Filter>Libs\ImGui</Filter>
    </ClInclude>
    <ClInclude Include="Libs\ImGui\imgui_impl_sdl.h">
      <Filter>Libs\ImGui</Filter>
    </ClInclude>
    <ClInclude Include="Libs\ImGui\imgui_internal.h">
      <Filter>Libs\ImGui</Filter>
    </ClInclude>
    <ClInclude Include="Libs\ImGui\imstb_rectpack.h">
      <Filter>Libs\ImGui</Filter>
    </ClInclude>
    <ClInclude Include="Libs\ImGui\imstb_textedit.h">
      <Filter>Libs\ImGui</Filter>
    </ClInclude>
    <ClInclude Include="Libs\ImGui\imstb_truetype.h">
      <Filter>Libs\ImGui</Filter>
    </ClInclude>
    <ClInclude Include="EditorWindow.h">
      <Filter>EditorWindows</Filter>
    </ClInclude>
    <ClInclude Include="EditorWindow_Assets.h">
      <Filter>EditorWindows</Filter>
    </ClInclude>
    <ClInclude Include="EditorWindow_Console.h">
      <Filter>EditorWindows</Filter>
    </ClInclude>
    <ClInclude Include="EditorWindow_Inspector.h">
      <Filter>EditorWindows</Filter>
    </ClInclude>
    <ClInclude Include="Libs\MathGeoLib\include\MathBuildConfig.h">
      <Filter>Libs\MathGeoLib</Filter>
    </ClInclude>
    <ClInclude Include="Libs\MathGeoLib\include\MathGeoLib.h">
      <Filter>Libs\MathGeoLib</Filter>
    </ClInclude>
    <ClInclude Include="Libs\MathGeoLib\include\MathGeoLibFwd.h">
      <Filter>Libs\MathGeoLib</Filter>
    </ClInclude>
    <ClInclude Include="Libs\MathGeoLib\include\Algorithm\Random\LCG.h">
      <Filter>Libs\MathGeoLib\Algorithm</Filter>
    </ClInclude>
    <ClInclude Include="Libs\MathGeoLib\include\Geometry\AABB.h">
      <Filter>Libs\MathGeoLib\Geometry</Filter>
    </ClInclude>
    <ClInclude Include="Libs\MathGeoLib\include\Geometry\AABB2D.h">
      <Filter>Libs\MathGeoLib\Geometry</Filter>
    </ClInclude>
    <ClInclude Include="Libs\MathGeoLib\include\Geometry\Capsule.h">
      <Filter>Libs\MathGeoLib\Geometry</Filter>
    </ClInclude>
    <ClInclude Include="Libs\MathGeoLib\include\Geometry\Circle.h">
      <Filter>Libs\MathGeoLib\Geometry</Filter>
    </ClInclude>
    <ClInclude Include="Libs\MathGeoLib\include\Geometry\Cone.h">
      <Filter>Libs\MathGeoLib\Geometry</Filter>
    </ClInclude>
    <ClInclude Include="Libs\MathGeoLib\include\Geometry\Cylinder.h">
      <Filter>Libs\MathGeoLib\Geometry</Filter>
    </ClInclude>
    <ClInclude Include="Libs\MathGeoLib\include\Geometry\Frustum.h">
      <Filter>Libs\MathGeoLib\Geometry</Filter>
    </ClInclude>
    <ClInclude Include="Libs\MathGeoLib\include\Geometry\GeometryAll.h">
      <Filter>Libs\MathGeoLib\Geometry</Filter>
    </ClInclude>
    <ClInclude Include="Libs\MathGeoLib\include\Geometry\GeomType.h">
      <Filter>Libs\MathGeoLib\Geometry</Filter>
    </ClInclude>
    <ClInclude Include="Libs\MathGeoLib\include\Geometry\HitInfo.h">
      <Filter>Libs\MathGeoLib\Geometry</Filter>
    </ClInclude>
    <ClInclude Include="Libs\MathGeoLib\include\Geometry\KDTree.h">
      <Filter>Libs\MathGeoLib\Geometry</Filter>
    </ClInclude>
    <ClInclude Include="Libs\MathGeoLib\include\Geometry\Line.h">
      <Filter>Libs\MathGeoLib\Geometry</Filter>
    </ClInclude>
    <ClInclude Include="Libs\MathGeoLib\include\Geometry\LineSegment.h">
      <Filter>Libs\MathGeoLib\Geometry</Filter>
    </ClInclude>
    <ClInclude Include="Libs\MathGeoLib\include\Geometry\OBB.h">
      <Filter>Libs\MathGeoLib\Geometry</Filter>
    </ClInclude>
    <ClInclude Include="Libs\MathGeoLib\include\Geometry\PBVolume.h">
      <Filter>Libs\MathGeoLib\Geometry</Filter>
    </ClInclude>
    <ClInclude Include="Libs\MathGeoLib\include\Geometry\Plane.h">
      <Filter>Libs\MathGeoLib\Geometry</Filter>
    </ClInclude>
    <ClInclude Include="Libs\MathGeoLib\include\Geometry\Polygon.h">
      <Filter>Libs\MathGeoLib\Geometry</Filter>
    </ClInclude>
    <ClInclude Include="Libs\MathGeoLib\include\Geometry\Polyhedron.h">
      <Filter>Libs\MathGeoLib\Geometry</Filter>
    </ClInclude>
    <ClInclude Include="Libs\MathGeoLib\include\Geometry\QuadTree.h">
      <Filter>Libs\MathGeoLib\Geometry</Filter>
    </ClInclude>
    <ClInclude Include="Libs\MathGeoLib\include\Geometry\Ray.h">
      <Filter>Libs\MathGeoLib\Geometry</Filter>
    </ClInclude>
    <ClInclude Include="Libs\MathGeoLib\include\Geometry\Sphere.h">
      <Filter>Libs\MathGeoLib\Geometry</Filter>
    </ClInclude>
    <ClInclude Include="Libs\MathGeoLib\include\Geometry\Triangle.h">
      <Filter>Libs\MathGeoLib\Geometry</Filter>
    </ClInclude>
    <ClInclude Include="Libs\MathGeoLib\include\Geometry\TriangleMesh.h">
      <Filter>Libs\MathGeoLib\Geometry</Filter>
    </ClInclude>
    <ClInclude Include="Libs\MathGeoLib\include\Math\assume.h">
      <Filter>Libs\MathGeoLib\Math</Filter>
    </ClInclude>
    <ClInclude Include="Libs\MathGeoLib\include\Math\BitOps.h">
      <Filter>Libs\MathGeoLib\Math</Filter>
    </ClInclude>
    <ClInclude Include="Libs\MathGeoLib\include\Math\Complex.h">
      <Filter>Libs\MathGeoLib\Math</Filter>
    </ClInclude>
    <ClInclude Include="Libs\MathGeoLib\include\Math\CoordinateAxisConvention.h">
      <Filter>Libs\MathGeoLib\Math</Filter>
    </ClInclude>
    <ClInclude Include="Libs\MathGeoLib\include\Math\FixedPoint.h">
      <Filter>Libs\MathGeoLib\Math</Filter>
    </ClInclude>
    <ClInclude Include="Libs\MathGeoLib\include\Math\float2.h">
      <Filter>Libs\MathGeoLib\Math</Filter>
    </ClInclude>
    <ClInclude Include="Libs\MathGeoLib\include\Math\float3.h">
      <Filter>Libs\MathGeoLib\Math</Filter>
    </ClInclude>
    <ClInclude Include="Libs\MathGeoLib\include\Math\float3x3.h">
      <Filter>Libs\MathGeoLib\Math</Filter>
    </ClInclude>
    <ClInclude Include="Libs\MathGeoLib\include\Math\float3x4.h">
      <Filter>Libs\MathGeoLib\Math</Filter>
    </ClInclude>
    <ClInclude Include="Libs\MathGeoLib\include\Math\float4.h">
      <Filter>Libs\MathGeoLib\Math</Filter>
    </ClInclude>
    <ClInclude Include="Libs\MathGeoLib\include\Math\float4_neon.h">
      <Filter>Libs\MathGeoLib\Math</Filter>
    </ClInclude>
    <ClInclude Include="Libs\MathGeoLib\include\Math\float4_sse.h">
      <Filter>Libs\MathGeoLib\Math</Filter>
    </ClInclude>
    <ClInclude Include="Libs\MathGeoLib\include\Math\float4x4.h">
      <Filter>Libs\MathGeoLib\Math</Filter>
    </ClInclude>
    <ClInclude Include="Libs\MathGeoLib\include\Math\float4x4_neon.h">
      <Filter>Libs\MathGeoLib\Math</Filter>
    </ClInclude>
    <ClInclude Include="Libs\MathGeoLib\include\Math\float4x4_sse.h">
      <Filter>Libs\MathGeoLib\Math</Filter>
    </ClInclude>
    <ClInclude Include="Libs\MathGeoLib\include\Math\FloatCmp.h">
      <Filter>Libs\MathGeoLib\Math</Filter>
    </ClInclude>
    <ClInclude Include="Libs\MathGeoLib\include\Math\MathAll.h">
      <Filter>Libs\MathGeoLib\Math</Filter>
    </ClInclude>
    <ClInclude Include="Libs\MathGeoLib\include\Math\MathConstants.h">
      <Filter>Libs\MathGeoLib\Math</Filter>
    </ClInclude>
    <ClInclude Include="Libs\MathGeoLib\include\Math\MathFunc.h">
      <Filter>Libs\MathGeoLib\Math</Filter>
    </ClInclude>
    <ClInclude Include="Libs\MathGeoLib\include\Math\MathLog.h">
      <Filter>Libs\MathGeoLib\Math</Filter>
    </ClInclude>
    <ClInclude Include="Libs\MathGeoLib\include\Math\MathNamespace.h">
      <Filter>Libs\MathGeoLib\Math</Filter>
    </ClInclude>
    <ClInclude Include="Libs\MathGeoLib\include\Math\MathTypes.h">
      <Filter>Libs\MathGeoLib\Math</Filter>
    </ClInclude>
    <ClInclude Include="Libs\MathGeoLib\include\Math\MatrixProxy.h">
      <Filter>Libs\MathGeoLib\Math</Filter>
    </ClInclude>
    <ClInclude Include="Libs\MathGeoLib\include\Math\myassert.h">
      <Filter>Libs\MathGeoLib\Math</Filter>
    </ClInclude>
    <ClInclude Include="Libs\MathGeoLib\include\Math\Polynomial.h">
      <Filter>Libs\MathGeoLib\Math</Filter>
    </ClInclude>
    <ClInclude Include="Libs\MathGeoLib\include\Math\Quat.h">
      <Filter>Libs\MathGeoLib\Math</Filter>
    </ClInclude>
    <ClInclude Include="Libs\MathGeoLib\include\Math\quat_simd.h">
      <Filter>Libs\MathGeoLib\Math</Filter>
    </ClInclude>
    <ClInclude Include="Libs\MathGeoLib\include\Math\Rect.h">
      <Filter>Libs\MathGeoLib\Math</Filter>
    </ClInclude>
    <ClInclude Include="Libs\MathGeoLib\include\Math\Reinterpret.h">
      <Filter>Libs\MathGeoLib\Math</Filter>
    </ClInclude>
    <ClInclude Include="Libs\MathGeoLib\include\Math\sse_mathfun.h">
      <Filter>Libs\MathGeoLib\Math</Filter>
    </ClInclude>
    <ClInclude Include="Libs\MathGeoLib\include\Math\SSEMath.h">
      <Filter>Libs\MathGeoLib\Math</Filter>
    </ClInclude>
    <ClInclude Include="Libs\MathGeoLib\include\Math\TransformOps.h">
      <Filter>Libs\MathGeoLib\Math</Filter>
    </ClInclude>
    <ClInclude Include="Libs\MathGeoLib\include\Time\Clock.h">
      <Filter>Libs\MathGeoLib\Time</Filter>
    </ClInclude>
    <ClInclude Include="Libs\glew\include\eglew.h">
      <Filter>Libs\OpenGL\Glew</Filter>
    </ClInclude>
    <ClInclude Include="Libs\glew\include\glew.h">
      <Filter>Libs\OpenGL\Glew</Filter>
    </ClInclude>
    <ClInclude Include="Libs\glew\include\glxew.h">
      <Filter>Libs\OpenGL\Glew</Filter>
    </ClInclude>
    <ClInclude Include="Libs\glew\include\wglew.h">
      <Filter>Libs\OpenGL\Glew</Filter>
    </ClInclude>
    <ClInclude Include="glmath.h">
      <Filter>Libs\OpenGL\GLMath</Filter>
    </ClInclude>
    <ClInclude Include="EditorWindow_Scene.h">
      <Filter>EditorWindows</Filter>
    </ClInclude>
    <ClInclude Include="EditorWindow_Configuration.h">
      <Filter>EditorWindows</Filter>
    </ClInclude>
    <ClInclude Include="Time.h">
      <Filter>HelperClasses</Filter>
    </ClInclude>
    <ClInclude Include="ModuleHardware.h">
      <Filter>Modules</Filter>
    </ClInclude>
    <ClInclude Include="Libs\parson\parson.h">
      <Filter>Libs\parson</Filter>
    </ClInclude>
    <ClInclude Include="HelperClasses\GnJSON.h">
      <Filter>HelperClasses\FileManagement</Filter>
    </ClInclude>
    <ClInclude Include="Libs\PhysFS\include\physfs.h">
      <Filter>Libs\PhysFS</Filter>
    </ClInclude>
    <ClInclude Include="FileSystem.h" />
  </ItemGroup>
  <ItemGroup>
    <Filter Include="Modules">
      <UniqueIdentifier>{aadabd6e-ecb0-4c15-a947-3d8fe5f67392}</UniqueIdentifier>
    </Filter>
    <Filter Include="Tools">
      <UniqueIdentifier>{9f9adada-2e42-48c8-9b71-3e4c015f0821}</UniqueIdentifier>
    </Filter>
    <Filter Include="Libs">
      <UniqueIdentifier>{e5b92709-b597-4c4b-bf07-c6d0682bb2af}</UniqueIdentifier>
    </Filter>
    <Filter Include="Libs\ImGui">
      <UniqueIdentifier>{472dfa5b-faef-4416-b34b-af9d15805a90}</UniqueIdentifier>
    </Filter>
    <Filter Include="EditorWindows">
      <UniqueIdentifier>{fb7e3f89-297c-45a0-8f47-df1f3b8e5772}</UniqueIdentifier>
    </Filter>
    <Filter Include="Libs\MathGeoLib">
      <UniqueIdentifier>{327444de-2410-419c-b2e7-b51b5bfe8a57}</UniqueIdentifier>
    </Filter>
    <Filter Include="Libs\MathGeoLib\Algorithm">
      <UniqueIdentifier>{d71f9918-a83b-4fb1-9276-59aa2df01816}</UniqueIdentifier>
    </Filter>
    <Filter Include="Libs\MathGeoLib\Geometry">
      <UniqueIdentifier>{19b6465d-fa98-4564-b2a1-5f940b4bb06c}</UniqueIdentifier>
    </Filter>
    <Filter Include="Libs\MathGeoLib\Math">
      <UniqueIdentifier>{c52cd97a-530d-49ce-a654-183b652cd7c2}</UniqueIdentifier>
    </Filter>
    <Filter Include="Libs\MathGeoLib\Time">
      <UniqueIdentifier>{1333ca32-0866-4851-b9b9-5c92260a0879}</UniqueIdentifier>
    </Filter>
    <Filter Include="HelperClasses">
      <UniqueIdentifier>{021f3bcc-f296-4e2c-88d2-5d5832f0e221}</UniqueIdentifier>
    </Filter>
    <Filter Include="Libs\OpenGL">
      <UniqueIdentifier>{6ae8646a-d037-42c4-b324-d15f6f315c4f}</UniqueIdentifier>
    </Filter>
    <Filter Include="Libs\OpenGL\Glew">
      <UniqueIdentifier>{62658caf-b9de-4a73-a267-9945e2a8a1b4}</UniqueIdentifier>
    </Filter>
    <Filter Include="Libs\OpenGL\GLMath">
      <UniqueIdentifier>{522731cb-f4f0-4dc5-8f32-dd0f8246068d}</UniqueIdentifier>
    </Filter>
    <Filter Include="Libs\parson">
      <UniqueIdentifier>{fd91813c-ecd2-4f1d-b123-50e0d3594b91}</UniqueIdentifier>
    </Filter>
    <Filter Include="HelperClasses\FileManagement">
      <UniqueIdentifier>{4b4900b6-b7e8-4491-b6c0-cc7ca405ec02}</UniqueIdentifier>
    </Filter>
    <Filter Include="Libs\PhysFS">
      <UniqueIdentifier>{fd1ae388-cc09-4226-81d8-b7ae0d8425c7}</UniqueIdentifier>
    </Filter>
  </ItemGroup>
  <ItemGroup>
    <None Include="Libs\MathGeoLib\include\Geometry\KDTree.inl">
      <Filter>Libs\MathGeoLib\Geometry</Filter>
    </None>
    <None Include="Libs\MathGeoLib\include\Geometry\QuadTree.inl">
      <Filter>Libs\MathGeoLib\Geometry</Filter>
    </None>
    <None Include="Libs\MathGeoLib\include\Geometry\TriangleMesh_IntersectRay_AVX.inl">
      <Filter>Libs\MathGeoLib\Geometry</Filter>
    </None>
    <None Include="Libs\MathGeoLib\include\Geometry\TriangleMesh_IntersectRay_CPP.inl">
      <Filter>Libs\MathGeoLib\Geometry</Filter>
    </None>
    <None Include="Libs\MathGeoLib\include\Geometry\TriangleMesh_IntersectRay_SSE.inl">
      <Filter>Libs\MathGeoLib\Geometry</Filter>
    </None>
    <None Include="Libs\MathGeoLib\include\Math\Matrix.inl">
      <Filter>Libs\MathGeoLib\Math</Filter>
    </None>
  </ItemGroup>
</Project>